
Microsoft Visual Studio Solution File, Format Version 12.00
# Visual Studio 15
Project("{FAE04EC0-301F-11D3-BF4B-00C04F79EFBC}") = "Assembly-CSharp", "Assembly-CSharp.csproj", "{BD29A21D-D6D9-C20C-FA29-FB3213F4A1A8}"
EndProject
Project("{FAE04EC0-301F-11D3-BF4B-00C04F79EFBC}") = "Assembly-CSharp-Editor", "Assembly-CSharp-Editor.csproj", "{E72C582A-AA43-CB90-E46C-6508815878E8}"
EndProject
Global
	GlobalSection(SolutionConfigurationPlatforms) = preSolution
		Debug|Any CPU = Debug|Any CPU
		Release|Any CPU = Release|Any CPU
	EndGlobalSection
	GlobalSection(ProjectConfigurationPlatforms) = postSolution
		{BD29A21D-D6D9-C20C-FA29-FB3213F4A1A8}.Debug|Any CPU.ActiveCfg = Debug|Any CPU
		{BD29A21D-D6D9-C20C-FA29-FB3213F4A1A8}.Debug|Any CPU.Build.0 = Debug|Any CPU
		{BD29A21D-D6D9-C20C-FA29-FB3213F4A1A8}.Release|Any CPU.ActiveCfg = Release|Any CPU
		{BD29A21D-D6D9-C20C-FA29-FB3213F4A1A8}.Release|Any CPU.Build.0 = Release|Any CPU
		{E72C582A-AA43-CB90-E46C-6508815878E8}.Debug|Any CPU.ActiveCfg = Debug|Any CPU
		{E72C582A-AA43-CB90-E46C-6508815878E8}.Debug|Any CPU.Build.0 = Debug|Any CPU
		{E72C582A-AA43-CB90-E46C-6508815878E8}.Release|Any CPU.ActiveCfg = Release|Any CPU
		{E72C582A-AA43-CB90-E46C-6508815878E8}.Release|Any CPU.Build.0 = Release|Any CPU
	EndGlobalSection
	GlobalSection(SolutionProperties) = preSolution
		HideSolutionNode = FALSE
	EndGlobalSection
EndGlobal
